// !$*UTF8*$!
{
	archiveVersion = 1;
	classes = {
	};
	objectVersion = 56;
	objects = {

/* Begin PBXBuildFile section */
		680CFCF22C5FED0A00587194 /* AppLogger.swift in Sources */ = {isa = PBXBuildFile; fileRef = 680CFCF12C5FED0A00587194 /* AppLogger.swift */; };
		685C5B652C635422005D2DBC /* Configuration in Resources */ = {isa = PBXBuildFile; fileRef = 685C5B642C635422005D2DBC /* Configuration */; };
		68E6F6592C5F66D6002D91C9 /* TripCriticApp.swift in Sources */ = {isa = PBXBuildFile; fileRef = 68E6F6582C5F66D6002D91C9 /* TripCriticApp.swift */; };
		68E6F65B2C5F66D6002D91C9 /* ContentView.swift in Sources */ = {isa = PBXBuildFile; fileRef = 68E6F65A2C5F66D6002D91C9 /* ContentView.swift */; };
		68E6F65D2C5F66D8002D91C9 /* Assets.xcassets in Resources */ = {isa = PBXBuildFile; fileRef = 68E6F65C2C5F66D8002D91C9 /* Assets.xcassets */; };
		68E6F6602C5F66D8002D91C9 /* Preview Assets.xcassets in Resources */ = {isa = PBXBuildFile; fileRef = 68E6F65F2C5F66D8002D91C9 /* Preview Assets.xcassets */; };
		68E6F6682C5FAB5B002D91C9 /* SSSwiftUIGIFView in Frameworks */ = {isa = PBXBuildFile; productRef = 68E6F6672C5FAB5B002D91C9 /* SSSwiftUIGIFView */; };
		68E6F6802C5FC58F002D91C9 /* SVProgressHUD in Frameworks */ = {isa = PBXBuildFile; productRef = 68E6F67F2C5FC58F002D91C9 /* SVProgressHUD */; };
/* End PBXBuildFile section */

/* Begin PBXFileReference section */
		680CFCF12C5FED0A00587194 /* AppLogger.swift */ = {isa = PBXFileReference; lastKnownFileType = sourcecode.swift; path = AppLogger.swift; sourceTree = "<group>"; };
		685C5B642C635422005D2DBC /* Configuration */ = {isa = PBXFileReference; lastKnownFileType = wrapper; path = Configuration; sourceTree = "<group>"; };
		68E6F6552C5F66D6002D91C9 /* TripCritic.app */ = {isa = PBXFileReference; explicitFileType = wrapper.application; includeInIndex = 0; path = TripCritic.app; sourceTree = BUILT_PRODUCTS_DIR; };
		68E6F6582C5F66D6002D91C9 /* TripCriticApp.swift */ = {isa = PBXFileReference; lastKnownFileType = sourcecode.swift; path = TripCriticApp.swift; sourceTree = "<group>"; };
		68E6F65A2C5F66D6002D91C9 /* ContentView.swift */ = {isa = PBXFileReference; lastKnownFileType = sourcecode.swift; path = ContentView.swift; sourceTree = "<group>"; };
		68E6F65C2C5F66D8002D91C9 /* Assets.xcassets */ = {isa = PBXFileReference; lastKnownFileType = folder.assetcatalog; path = Assets.xcassets; sourceTree = "<group>"; };
		68E6F65F2C5F66D8002D91C9 /* Preview Assets.xcassets */ = {isa = PBXFileReference; lastKnownFileType = folder.assetcatalog; path = "Preview Assets.xcassets"; sourceTree = "<group>"; };
/* End PBXFileReference section */

/* Begin PBXFrameworksBuildPhase section */
		68E6F6522C5F66D6002D91C9 /* Frameworks */ = {
			isa = PBXFrameworksBuildPhase;
			buildActionMask = 2147483647;
			files = (
				68E6F6802C5FC58F002D91C9 /* SVProgressHUD in Frameworks */,
				68E6F6682C5FAB5B002D91C9 /* SSSwiftUIGIFView in Frameworks */,
			);
			runOnlyForDeploymentPostprocessing = 0;
		};
/* End PBXFrameworksBuildPhase section */

/* Begin PBXGroup section */
		680CFCF42C60CAC500587194 /* CoreModules */ = {
			isa = PBXGroup;
			children = (
			);
			path = CoreModules;
			sourceTree = "<group>";
		};
		680CFCF52C60CAD800587194 /* Configurations */ = {
			isa = PBXGroup;
			children = (
				685C5B642C635422005D2DBC /* Configuration */,
			);
			path = Configurations;
			sourceTree = "<group>";
		};
		680CFCF62C60CAEA00587194 /* FeatureModules */ = {
			isa = PBXGroup;
			children = (
			);
			path = FeatureModules;
			sourceTree = "<group>";
		};
		68E6F64C2C5F66D6002D91C9 = {
			isa = PBXGroup;
			children = (
				68E6F6572C5F66D6002D91C9 /* App */,
				680CFCF52C60CAD800587194 /* Configurations */,
				680CFCF62C60CAEA00587194 /* FeatureModules */,
				680CFCF42C60CAC500587194 /* CoreModules */,
				68E6F6562C5F66D6002D91C9 /* Products */,
			);
			sourceTree = "<group>";
		};
		68E6F6562C5F66D6002D91C9 /* Products */ = {
			isa = PBXGroup;
			children = (
				68E6F6552C5F66D6002D91C9 /* TripCritic.app */,
			);
			name = Products;
			sourceTree = "<group>";
		};
		68E6F6572C5F66D6002D91C9 /* App */ = {
			isa = PBXGroup;
			children = (
				68E6F6582C5F66D6002D91C9 /* TripCriticApp.swift */,
				68E6F65A2C5F66D6002D91C9 /* ContentView.swift */,
				68E6F65C2C5F66D8002D91C9 /* Assets.xcassets */,
				68E6F65E2C5F66D8002D91C9 /* Preview Content */,
				680CFCF12C5FED0A00587194 /* AppLogger.swift */,
			);
			path = App;
			sourceTree = "<group>";
		};
		68E6F65E2C5F66D8002D91C9 /* Preview Content */ = {
			isa = PBXGroup;
			children = (
				68E6F65F2C5F66D8002D91C9 /* Preview Assets.xcassets */,
			);
			path = "Preview Content";
			sourceTree = "<group>";
		};
/* End PBXGroup section */

/* Begin PBXNativeTarget section */
		68E6F6542C5F66D6002D91C9 /* TripCritic */ = {
			isa = PBXNativeTarget;
			buildConfigurationList = 68E6F6632C5F66D8002D91C9 /* Build configuration list for PBXNativeTarget "TripCritic" */;
			buildPhases = (
				68E6F6512C5F66D6002D91C9 /* Sources */,
				68E6F6522C5F66D6002D91C9 /* Frameworks */,
				68E6F6532C5F66D6002D91C9 /* Resources */,
			);
			buildRules = (
			);
			dependencies = (
			);
			name = TripCritic;
			packageProductDependencies = (
				68E6F6672C5FAB5B002D91C9 /* SSSwiftUIGIFView */,
				68E6F67F2C5FC58F002D91C9 /* SVProgressHUD */,
			);
			productName = TripCritic;
			productReference = 68E6F6552C5F66D6002D91C9 /* TripCritic.app */;
			productType = "com.apple.product-type.application";
		};
/* End PBXNativeTarget section */

/* Begin PBXProject section */
		68E6F64D2C5F66D6002D91C9 /* Project object */ = {
			isa = PBXProject;
			attributes = {
				BuildIndependentTargetsInParallel = 1;
				LastSwiftUpdateCheck = 1530;
				LastUpgradeCheck = 1530;
				TargetAttributes = {
					68E6F6542C5F66D6002D91C9 = {
						CreatedOnToolsVersion = 15.3;
					};
				};
			};
			buildConfigurationList = 68E6F6502C5F66D6002D91C9 /* Build configuration list for PBXProject "TripCritic" */;
			compatibilityVersion = "Xcode 14.0";
			developmentRegion = en;
			hasScannedForEncodings = 0;
			knownRegions = (
				en,
				Base,
			);
			mainGroup = 68E6F64C2C5F66D6002D91C9;
			packageReferences = (
				68E6F6662C5FAB5B002D91C9 /* XCRemoteSwiftPackageReference "SSSwiftUIGIFView" */,
				68E6F67E2C5FC58F002D91C9 /* XCRemoteSwiftPackageReference "SVProgressHUD" */,
			);
			productRefGroup = 68E6F6562C5F66D6002D91C9 /* Products */;
			projectDirPath = "";
			projectRoot = "";
			targets = (
				68E6F6542C5F66D6002D91C9 /* TripCritic */,
			);
		};
/* End PBXProject section */

/* Begin PBXResourcesBuildPhase section */
		68E6F6532C5F66D6002D91C9 /* Resources */ = {
			isa = PBXResourcesBuildPhase;
			buildActionMask = 2147483647;
			files = (
				68E6F6602C5F66D8002D91C9 /* Preview Assets.xcassets in Resources */,
				68E6F65D2C5F66D8002D91C9 /* Assets.xcassets in Resources */,
				685C5B652C635422005D2DBC /* Configuration in Resources */,
			);
			runOnlyForDeploymentPostprocessing = 0;
		};
/* End PBXResourcesBuildPhase section */

/* Begin PBXSourcesBuildPhase section */
		68E6F6512C5F66D6002D91C9 /* Sources */ = {
			isa = PBXSourcesBuildPhase;
			buildActionMask = 2147483647;
			files = (
				680CFCF22C5FED0A00587194 /* AppLogger.swift in Sources */,
				68E6F65B2C5F66D6002D91C9 /* ContentView.swift in Sources */,
				68E6F6592C5F66D6002D91C9 /* TripCriticApp.swift in Sources */,
			);
			runOnlyForDeploymentPostprocessing = 0;
		};
/* End PBXSourcesBuildPhase section */

/* Begin XCBuildConfiguration section */
		68E6F6612C5F66D8002D91C9 /* Debug */ = {
			isa = XCBuildConfiguration;
			buildSettings = {
				ALWAYS_SEARCH_USER_PATHS = NO;
				API_URL_PREFIX = "";
				ASSETCATALOG_COMPILER_GENERATE_SWIFT_ASSET_SYMBOL_EXTENSIONS = YES;
				CLANG_ANALYZER_NONNULL = YES;
				CLANG_ANALYZER_NUMBER_OBJECT_CONVERSION = YES_AGGRESSIVE;
				CLANG_CXX_LANGUAGE_STANDARD = "gnu++20";
				CLANG_ENABLE_MODULES = YES;
				CLANG_ENABLE_OBJC_ARC = YES;
				CLANG_ENABLE_OBJC_WEAK = YES;
				CLANG_WARN_BLOCK_CAPTURE_AUTORELEASING = YES;
				CLANG_WARN_BOOL_CONVERSION = YES;
				CLANG_WARN_COMMA = YES;
				CLANG_WARN_CONSTANT_CONVERSION = YES;
				CLANG_WARN_DEPRECATED_OBJC_IMPLEMENTATIONS = YES;
				CLANG_WARN_DIRECT_OBJC_ISA_USAGE = YES_ERROR;
				CLANG_WARN_DOCUMENTATION_COMMENTS = YES;
				CLANG_WARN_EMPTY_BODY = YES;
				CLANG_WARN_ENUM_CONVERSION = YES;
				CLANG_WARN_INFINITE_RECURSION = YES;
				CLANG_WARN_INT_CONVERSION = YES;
				CLANG_WARN_NON_LITERAL_NULL_CONVERSION = YES;
				CLANG_WARN_OBJC_IMPLICIT_RETAIN_SELF = YES;
				CLANG_WARN_OBJC_LITERAL_CONVERSION = YES;
				CLANG_WARN_OBJC_ROOT_CLASS = YES_ERROR;
				CLANG_WARN_QUOTED_INCLUDE_IN_FRAMEWORK_HEADER = YES;
				CLANG_WARN_RANGE_LOOP_ANALYSIS = YES;
				CLANG_WARN_STRICT_PROTOTYPES = YES;
				CLANG_WARN_SUSPICIOUS_MOVE = YES;
				CLANG_WARN_UNGUARDED_AVAILABILITY = YES_AGGRESSIVE;
				CLANG_WARN_UNREACHABLE_CODE = YES;
				CLANG_WARN__DUPLICATE_METHOD_MATCH = YES;
				COPY_PHASE_STRIP = NO;
				DEBUG_INFORMATION_FORMAT = dwarf;
				ENABLE_STRICT_OBJC_MSGSEND = YES;
				ENABLE_TESTABILITY = YES;
				ENABLE_USER_SCRIPT_SANDBOXING = YES;
				GCC_C_LANGUAGE_STANDARD = gnu17;
				GCC_DYNAMIC_NO_PIC = NO;
				GCC_NO_COMMON_BLOCKS = YES;
				GCC_OPTIMIZATION_LEVEL = 0;
				GCC_PREPROCESSOR_DEFINITIONS = (
					"DEBUG=1",
					"$(inherited)",
				);
				GCC_WARN_64_TO_32_BIT_CONVERSION = YES;
				GCC_WARN_ABOUT_RETURN_TYPE = YES_ERROR;
				GCC_WARN_UNDECLARED_SELECTOR = YES;
				GCC_WARN_UNINITIALIZED_AUTOS = YES_AGGRESSIVE;
				GCC_WARN_UNUSED_FUNCTION = YES;
				GCC_WARN_UNUSED_VARIABLE = YES;
				IPHONEOS_DEPLOYMENT_TARGET = 16.0;
				LOCALIZATION_PREFERS_STRING_CATALOGS = YES;
				MTL_ENABLE_DEBUG_INFO = INCLUDE_SOURCE;
				MTL_FAST_MATH = YES;
				ONLY_ACTIVE_ARCH = YES;
				SDKROOT = iphoneos;
				SWIFT_ACTIVE_COMPILATION_CONDITIONS = "DEBUG $(inherited)";
				SWIFT_OPTIMIZATION_LEVEL = "-Onone";
			};
			name = Debug;
		};
		68E6F6622C5F66D8002D91C9 /* Release */ = {
			isa = XCBuildConfiguration;
			buildSettings = {
				ALWAYS_SEARCH_USER_PATHS = NO;
				ASSETCATALOG_COMPILER_GENERATE_SWIFT_ASSET_SYMBOL_EXTENSIONS = YES;
				CLANG_ANALYZER_NONNULL = YES;
				CLANG_ANALYZER_NUMBER_OBJECT_CONVERSION = YES_AGGRESSIVE;
				CLANG_CXX_LANGUAGE_STANDARD = "gnu++20";
				CLANG_ENABLE_MODULES = YES;
				CLANG_ENABLE_OBJC_ARC = YES;
				CLANG_ENABLE_OBJC_WEAK = YES;
				CLANG_WARN_BLOCK_CAPTURE_AUTORELEASING = YES;
				CLANG_WARN_BOOL_CONVERSION = YES;
				CLANG_WARN_COMMA = YES;
				CLANG_WARN_CONSTANT_CONVERSION = YES;
				CLANG_WARN_DEPRECATED_OBJC_IMPLEMENTATIONS = YES;
				CLANG_WARN_DIRECT_OBJC_ISA_USAGE = YES_ERROR;
				CLANG_WARN_DOCUMENTATION_COMMENTS = YES;
				CLANG_WARN_EMPTY_BODY = YES;
				CLANG_WARN_ENUM_CONVERSION = YES;
				CLANG_WARN_INFINITE_RECURSION = YES;
				CLANG_WARN_INT_CONVERSION = YES;
				CLANG_WARN_NON_LITERAL_NULL_CONVERSION = YES;
				CLANG_WARN_OBJC_IMPLICIT_RETAIN_SELF = YES;
				CLANG_WARN_OBJC_LITERAL_CONVERSION = YES;
				CLANG_WARN_OBJC_ROOT_CLASS = YES_ERROR;
				CLANG_WARN_QUOTED_INCLUDE_IN_FRAMEWORK_HEADER = YES;
				CLANG_WARN_RANGE_LOOP_ANALYSIS = YES;
				CLANG_WARN_STRICT_PROTOTYPES = YES;
				CLANG_WARN_SUSPICIOUS_MOVE = YES;
				CLANG_WARN_UNGUARDED_AVAILABILITY = YES_AGGRESSIVE;
				CLANG_WARN_UNREACHABLE_CODE = YES;
				CLANG_WARN__DUPLICATE_METHOD_MATCH = YES;
				COPY_PHASE_STRIP = NO;
				DEBUG_INFORMATION_FORMAT = "dwarf-with-dsym";
				ENABLE_NS_ASSERTIONS = NO;
				ENABLE_STRICT_OBJC_MSGSEND = YES;
				ENABLE_USER_SCRIPT_SANDBOXING = YES;
				GCC_C_LANGUAGE_STANDARD = gnu17;
				GCC_NO_COMMON_BLOCKS = YES;
				GCC_WARN_64_TO_32_BIT_CONVERSION = YES;
				GCC_WARN_ABOUT_RETURN_TYPE = YES_ERROR;
				GCC_WARN_UNDECLARED_SELECTOR = YES;
				GCC_WARN_UNINITIALIZED_AUTOS = YES_AGGRESSIVE;
				GCC_WARN_UNUSED_FUNCTION = YES;
				GCC_WARN_UNUSED_VARIABLE = YES;
				IPHONEOS_DEPLOYMENT_TARGET = 16.0;
				LOCALIZATION_PREFERS_STRING_CATALOGS = YES;
				MTL_ENABLE_DEBUG_INFO = NO;
				MTL_FAST_MATH = YES;
				SDKROOT = iphoneos;
				SWIFT_COMPILATION_MODE = wholemodule;
				VALIDATE_PRODUCT = YES;
			};
			name = Release;
		};
		68E6F6642C5F66D8002D91C9 /* Debug */ = {
			isa = XCBuildConfiguration;
			buildSettings = {
				API_URL_PREFIX = "https://example.com/";
				ASSETCATALOG_COMPILER_APPICON_NAME = AppIcon_debug;
				ASSETCATALOG_COMPILER_GLOBAL_ACCENT_COLOR_NAME = AccentColor;
				CODE_SIGN_STYLE = Automatic;
				CURRENT_PROJECT_VERSION = 1;
				DEVELOPMENT_ASSET_PATHS = "\"TripCritic/Preview Content\"";
				DEVELOPMENT_TEAM = 788DC5C46S;
				ENABLE_PREVIEWS = YES;
				GENERATE_INFOPLIST_FILE = YES;
				INFOPLIST_FILE = TripCritic/Info.plist;
				INFOPLIST_KEY_CFBundleDisplayName = "Debug)TripCritic";
				INFOPLIST_KEY_LSApplicationCategoryType = "";
				INFOPLIST_KEY_UIApplicationSceneManifest_Generation = YES;
				INFOPLIST_KEY_UIApplicationSupportsIndirectInputEvents = YES;
				INFOPLIST_KEY_UILaunchScreen_Generation = YES;
				INFOPLIST_KEY_UISupportedInterfaceOrientations = UIInterfaceOrientationPortrait;
				LD_RUNPATH_SEARCH_PATHS = (
					"$(inherited)",
					"@executable_path/Frameworks",
				);
				MARKETING_VERSION = 1.0;
				PRODUCT_BUNDLE_IDENTIFIER = com.takatuki4046.TripCritic;
				PRODUCT_NAME = "$(TARGET_NAME)";
				SUPPORTED_PLATFORMS = "iphoneos iphonesimulator";
				SUPPORTS_MACCATALYST = NO;
				SUPPORTS_MAC_DESIGNED_FOR_IPHONE_IPAD = NO;
				SUPPORTS_XR_DESIGNED_FOR_IPHONE_IPAD = NO;
				SWIFT_EMIT_LOC_STRINGS = YES;
				SWIFT_VERSION = 5.0;
				TARGETED_DEVICE_FAMILY = 1;
			};
			name = Debug;
		};
		68E6F6652C5F66D8002D91C9 /* Release */ = {
			isa = XCBuildConfiguration;
			buildSettings = {
				API_URL_PREFIX = "https://example.com/";
				ASSETCATALOG_COMPILER_APPICON_NAME = AppIcon;
				ASSETCATALOG_COMPILER_GLOBAL_ACCENT_COLOR_NAME = AccentColor;
				CODE_SIGN_STYLE = Automatic;
				CURRENT_PROJECT_VERSION = 1;
				DEVELOPMENT_ASSET_PATHS = "\"TripCritic/Preview Content\"";
				DEVELOPMENT_TEAM = 788DC5C46S;
				ENABLE_PREVIEWS = YES;
				GENERATE_INFOPLIST_FILE = YES;
				INFOPLIST_FILE = TripCritic/Info.plist;
				INFOPLIST_KEY_CFBundleDisplayName = TripCritic;
				INFOPLIST_KEY_LSApplicationCategoryType = "";
				INFOPLIST_KEY_UIApplicationSceneManifest_Generation = YES;
				INFOPLIST_KEY_UIApplicationSupportsIndirectInputEvents = YES;
				INFOPLIST_KEY_UILaunchScreen_Generation = YES;
				INFOPLIST_KEY_UISupportedInterfaceOrientations = UIInterfaceOrientationPortrait;
				LD_RUNPATH_SEARCH_PATHS = (
					"$(inherited)",
					"@executable_path/Frameworks",
				);
				MARKETING_VERSION = 1.0;
				PRODUCT_BUNDLE_IDENTIFIER = com.takatuki4046.TripCritic;
				PRODUCT_NAME = "$(TARGET_NAME)";
				SUPPORTED_PLATFORMS = "iphoneos iphonesimulator";
				SUPPORTS_MACCATALYST = NO;
				SUPPORTS_MAC_DESIGNED_FOR_IPHONE_IPAD = NO;
				SUPPORTS_XR_DESIGNED_FOR_IPHONE_IPAD = NO;
				SWIFT_EMIT_LOC_STRINGS = YES;
				SWIFT_VERSION = 5.0;
				TARGETED_DEVICE_FAMILY = 1;
			};
			name = Release;
		};
		68E6F6812C5FD89F002D91C9 /* Staging */ = {
			isa = XCBuildConfiguration;
			buildSettings = {
				ALWAYS_SEARCH_USER_PATHS = NO;
				ASSETCATALOG_COMPILER_GENERATE_SWIFT_ASSET_SYMBOL_EXTENSIONS = YES;
				CLANG_ANALYZER_NONNULL = YES;
				CLANG_ANALYZER_NUMBER_OBJECT_CONVERSION = YES_AGGRESSIVE;
				CLANG_CXX_LANGUAGE_STANDARD = "gnu++20";
				CLANG_ENABLE_MODULES = YES;
				CLANG_ENABLE_OBJC_ARC = YES;
				CLANG_ENABLE_OBJC_WEAK = YES;
				CLANG_WARN_BLOCK_CAPTURE_AUTORELEASING = YES;
				CLANG_WARN_BOOL_CONVERSION = YES;
				CLANG_WARN_COMMA = YES;
				CLANG_WARN_CONSTANT_CONVERSION = YES;
				CLANG_WARN_DEPRECATED_OBJC_IMPLEMENTATIONS = YES;
				CLANG_WARN_DIRECT_OBJC_ISA_USAGE = YES_ERROR;
				CLANG_WARN_DOCUMENTATION_COMMENTS = YES;
				CLANG_WARN_EMPTY_BODY = YES;
				CLANG_WARN_ENUM_CONVERSION = YES;
				CLANG_WARN_INFINITE_RECURSION = YES;
				CLANG_WARN_INT_CONVERSION = YES;
				CLANG_WARN_NON_LITERAL_NULL_CONVERSION = YES;
				CLANG_WARN_OBJC_IMPLICIT_RETAIN_SELF = YES;
				CLANG_WARN_OBJC_LITERAL_CONVERSION = YES;
				CLANG_WARN_OBJC_ROOT_CLASS = YES_ERROR;
				CLANG_WARN_QUOTED_INCLUDE_IN_FRAMEWORK_HEADER = YES;
				CLANG_WARN_RANGE_LOOP_ANALYSIS = YES;
				CLANG_WARN_STRICT_PROTOTYPES = YES;
				CLANG_WARN_SUSPICIOUS_MOVE = YES;
				CLANG_WARN_UNGUARDED_AVAILABILITY = YES_AGGRESSIVE;
				CLANG_WARN_UNREACHABLE_CODE = YES;
				CLANG_WARN__DUPLICATE_METHOD_MATCH = YES;
				COPY_PHASE_STRIP = NO;
				DEBUG_INFORMATION_FORMAT = dwarf;
				ENABLE_STRICT_OBJC_MSGSEND = YES;
				ENABLE_TESTABILITY = YES;
				ENABLE_USER_SCRIPT_SANDBOXING = YES;
				GCC_C_LANGUAGE_STANDARD = gnu17;
				GCC_DYNAMIC_NO_PIC = NO;
				GCC_NO_COMMON_BLOCKS = YES;
				GCC_OPTIMIZATION_LEVEL = 0;
				GCC_PREPROCESSOR_DEFINITIONS = (
					"DEBUG=1",
					"$(inherited)",
				);
				GCC_WARN_64_TO_32_BIT_CONVERSION = YES;
				GCC_WARN_ABOUT_RETURN_TYPE = YES_ERROR;
				GCC_WARN_UNDECLARED_SELECTOR = YES;
				GCC_WARN_UNINITIALIZED_AUTOS = YES_AGGRESSIVE;
				GCC_WARN_UNUSED_FUNCTION = YES;
				GCC_WARN_UNUSED_VARIABLE = YES;
				IPHONEOS_DEPLOYMENT_TARGET = 16.0;
				LOCALIZATION_PREFERS_STRING_CATALOGS = YES;
				MTL_ENABLE_DEBUG_INFO = INCLUDE_SOURCE;
				MTL_FAST_MATH = YES;
				ONLY_ACTIVE_ARCH = YES;
				SDKROOT = iphoneos;
				SWIFT_ACTIVE_COMPILATION_CONDITIONS = "DEBUG $(inherited)";
				SWIFT_OPTIMIZATION_LEVEL = "-Onone";
			};
			name = Staging;
		};
		68E6F6822C5FD89F002D91C9 /* Staging */ = {
			isa = XCBuildConfiguration;
			buildSettings = {
				API_URL_PREFIX = "https://example.com/";
				ASSETCATALOG_COMPILER_APPICON_NAME = AppIcon_staging;
				ASSETCATALOG_COMPILER_GLOBAL_ACCENT_COLOR_NAME = AccentColor;
				CODE_SIGN_STYLE = Automatic;
				CURRENT_PROJECT_VERSION = 1;
				DEVELOPMENT_ASSET_PATHS = "\"TripCritic/Preview Content\"";
				DEVELOPMENT_TEAM = 788DC5C46S;
				ENABLE_PREVIEWS = YES;
				GENERATE_INFOPLIST_FILE = YES;
				INFOPLIST_FILE = TripCritic/Info.plist;
				INFOPLIST_KEY_CFBundleDisplayName = "Staging)TripCritic";
				INFOPLIST_KEY_LSApplicationCategoryType = "";
				INFOPLIST_KEY_UIApplicationSceneManifest_Generation = YES;
				INFOPLIST_KEY_UIApplicationSupportsIndirectInputEvents = YES;
				INFOPLIST_KEY_UILaunchScreen_Generation = YES;
				INFOPLIST_KEY_UISupportedInterfaceOrientations = UIInterfaceOrientationPortrait;
				LD_RUNPATH_SEARCH_PATHS = (
					"$(inherited)",
					"@executable_path/Frameworks",
				);
				MARKETING_VERSION = 1.0;
				PRODUCT_BUNDLE_IDENTIFIER = com.takatuki4046.TripCritic;
				PRODUCT_NAME = "$(TARGET_NAME)";
				SUPPORTED_PLATFORMS = "iphoneos iphonesimulator";
				SUPPORTS_MACCATALYST = NO;
				SUPPORTS_MAC_DESIGNED_FOR_IPHONE_IPAD = NO;
				SUPPORTS_XR_DESIGNED_FOR_IPHONE_IPAD = NO;
				SWIFT_EMIT_LOC_STRINGS = YES;
				SWIFT_VERSION = 5.0;
				TARGETED_DEVICE_FAMILY = 1;
			};
			name = Staging;
		};
/* End XCBuildConfiguration section */

/* Begin XCConfigurationList section */
		68E6F6502C5F66D6002D91C9 /* Build configuration list for PBXProject "TripCritic" */ = {
			isa = XCConfigurationList;
			buildConfigurations = (
				68E6F6612C5F66D8002D91C9 /* Debug */,
				68E6F6812C5FD89F002D91C9 /* Staging */,
				68E6F6622C5F66D8002D91C9 /* Release */,
			);
			defaultConfigurationIsVisible = 0;
			defaultConfigurationName = Release;
		};
		68E6F6632C5F66D8002D91C9 /* Build configuration list for PBXNativeTarget "TripCritic" */ = {
			isa = XCConfigurationList;
			buildConfigurations = (
				68E6F6642C5F66D8002D91C9 /* Debug */,
				68E6F6822C5FD89F002D91C9 /* Staging */,
				68E6F6652C5F66D8002D91C9 /* Release */,
			);
			defaultConfigurationIsVisible = 0;
			defaultConfigurationName = Release;
		};
/* End XCConfigurationList section */

/* Begin XCRemoteSwiftPackageReference section */
		68E6F6662C5FAB5B002D91C9 /* XCRemoteSwiftPackageReference "SSSwiftUIGIFView" */ = {
			isa = XCRemoteSwiftPackageReference;
			repositoryURL = "https://github.com/SimformSolutionsPvtLtd/SSSwiftUIGIFView.git";
			requirement = {
				kind = upToNextMajorVersion;
				minimumVersion = 2.0.0;
			};
		};
		68E6F67E2C5FC58F002D91C9 /* XCRemoteSwiftPackageReference "SVProgressHUD" */ = {
			isa = XCRemoteSwiftPackageReference;
			repositoryURL = "https://github.com/SVProgressHUD/SVProgressHUD.git";
			requirement = {
				kind = upToNextMajorVersion;
				minimumVersion = 2.3.1;
			};
		};
/* End XCRemoteSwiftPackageReference section */

/* Begin XCSwiftPackageProductDependency section */
		68E6F6672C5FAB5B002D91C9 /* SSSwiftUIGIFView */ = {
			isa = XCSwiftPackageProductDependency;
			package = 68E6F6662C5FAB5B002D91C9 /* XCRemoteSwiftPackageReference "SSSwiftUIGIFView" */;
			productName = SSSwiftUIGIFView;
		};
		68E6F67F2C5FC58F002D91C9 /* SVProgressHUD */ = {
			isa = XCSwiftPackageProductDependency;
			package = 68E6F67E2C5FC58F002D91C9 /* XCRemoteSwiftPackageReference "SVProgressHUD" */;
			productName = SVProgressHUD;
		};
/* End XCSwiftPackageProductDependency section */
	};
	rootObject = 68E6F64D2C5F66D6002D91C9 /* Project object */;
}
