{
  "originHash" : "5c85f73a78a769fb24b14e69519cea4e7dcad8c497e5a3c4bb4aee2fec9126a0",
  "pins" : [
    {
      "identity" : "ssswiftuigifview",
      "kind" : "remoteSourceControl",
      "location" : "https://github.com/SimformSolutionsPvtLtd/SSSwiftUIGIFView.git",
      "state" : {
        "revision" : "bd16555ae068ec4c01f9bdb913526caa08eb30b1",
        "version" : "2.0.0"
      }
    },
    {
      "identity" : "svprogresshud",
      "kind" : "remoteSourceControl",
      "location" : "https://github.com/SVProgressHUD/SVProgressHUD.git",
      "state" : {
        "revision" : "c33f7c775ba7feea6047a1fc3257f2e5863b44f7",
        "version" : "2.3.1"
      }
    }
  ],
  "version" : 3
}
